// !$*UTF8*$!
{
	archiveVersion = 1;
	classes = {
	};
	objectVersion = 50;
	objects = {

/* Begin PBXBuildFile section */
		09702C4822C499BB00FAFFF2 /* FilterBarCell.m in Sources */ = {isa = PBXBuildFile; fileRef = 09702C4422C499BB00FAFFF2 /* FilterBarCell.m */; };
		09702C4922C499BB00FAFFF2 /* FilterBar.m in Sources */ = {isa = PBXBuildFile; fileRef = 09702C4522C499BB00FAFFF2 /* FilterBar.m */; };
		09702C4C22C49ADE00FAFFF2 /* Normal.vsh in Resources */ = {isa = PBXBuildFile; fileRef = 09702C4B22C49ADE00FAFFF2 /* Normal.vsh */; };
		09702C4E22C49AEB00FAFFF2 /* Normal.fsh in Resources */ = {isa = PBXBuildFile; fileRef = 09702C4D22C49AEB00FAFFF2 /* Normal.fsh */; };
		09702C5022C49B0100FAFFF2 /* Gray.vsh in Resources */ = {isa = PBXBuildFile; fileRef = 09702C4F22C49B0100FAFFF2 /* Gray.vsh */; };
		09702C5222C49B0D00FAFFF2 /* Gray.fsh in Resources */ = {isa = PBXBuildFile; fileRef = 09702C5122C49B0D00FAFFF2 /* Gray.fsh */; };
		09702C5522C49D6600FAFFF2 /* MosaicFilter_VC.m in Sources */ = {isa = PBXBuildFile; fileRef = 09702C5422C49D6600FAFFF2 /* MosaicFilter_VC.m */; };
		09702C5722C4AD9A00FAFFF2 /* Rectangle.vsh in Resources */ = {isa = PBXBuildFile; fileRef = 09702C5622C4AD9A00FAFFF2 /* Rectangle.vsh */; };
		09702C5922C4ADAD00FAFFF2 /* Rectangle.fsh in Resources */ = {isa = PBXBuildFile; fileRef = 09702C5822C4ADAD00FAFFF2 /* Rectangle.fsh */; };
		09702C5B22C4B0A900FAFFF2 /* Relief.vsh in Resources */ = {isa = PBXBuildFile; fileRef = 09702C5A22C4B0A900FAFFF2 /* Relief.vsh */; };
		09702C5D22C4B0B800FAFFF2 /* Relief.fsh in Resources */ = {isa = PBXBuildFile; fileRef = 09702C5C22C4B0B800FAFFF2 /* Relief.fsh */; };
		09702C5F22C4BDF800FAFFF2 /* Vortex.vsh in Resources */ = {isa = PBXBuildFile; fileRef = 09702C5E22C4BDF800FAFFF2 /* Vortex.vsh */; };
		09702C6122C4BE0500FAFFF2 /* Vortex.fsh in Resources */ = {isa = PBXBuildFile; fileRef = 09702C6022C4BE0500FAFFF2 /* Vortex.fsh */; };
		0975C10922C1CAA800B8EF74 /* Normal.vsh in Resources */ = {isa = PBXBuildFile; fileRef = 0975C10822C1CAA800B8EF74 /* Normal.vsh */; };
		0975C10B22C1CAB600B8EF74 /* Normal.fsh in Resources */ = {isa = PBXBuildFile; fileRef = 0975C10A22C1CAB600B8EF74 /* Normal.fsh */; };
		0975C10E22C1CDC800B8EF74 /* SplitScreen_VC.m in Sources */ = {isa = PBXBuildFile; fileRef = 0975C10D22C1CDC800B8EF74 /* SplitScreen_VC.m */; };
		0975C11422C2161F00B8EF74 /* SplitScreen_2.vsh in Resources */ = {isa = PBXBuildFile; fileRef = 0975C11322C2161F00B8EF74 /* SplitScreen_2.vsh */; };
		0975C11622C2163A00B8EF74 /* SplitScreen_2.fsh in Resources */ = {isa = PBXBuildFile; fileRef = 0975C11522C2163A00B8EF74 /* SplitScreen_2.fsh */; };
		0975C11F22C21ADD00B8EF74 /* SplitScreen_4.vsh in Resources */ = {isa = PBXBuildFile; fileRef = 0975C11722C21ADC00B8EF74 /* SplitScreen_4.vsh */; };
		0975C12022C21ADD00B8EF74 /* SplitScreen_3.vsh in Resources */ = {isa = PBXBuildFile; fileRef = 0975C11822C21ADC00B8EF74 /* SplitScreen_3.vsh */; };
		0975C12122C21ADD00B8EF74 /* SplitScreen_9.vsh in Resources */ = {isa = PBXBuildFile; fileRef = 0975C11922C21ADC00B8EF74 /* SplitScreen_9.vsh */; };
		0975C12222C21ADD00B8EF74 /* SplitScreen_4.fsh in Resources */ = {isa = PBXBuildFile; fileRef = 0975C11A22C21ADC00B8EF74 /* SplitScreen_4.fsh */; };
		0975C12322C21ADD00B8EF74 /* SplitScreen_6.vsh in Resources */ = {isa = PBXBuildFile; fileRef = 0975C11B22C21ADC00B8EF74 /* SplitScreen_6.vsh */; };
		0975C12422C21ADD00B8EF74 /* SplitScreen_6.fsh in Resources */ = {isa = PBXBuildFile; fileRef = 0975C11C22C21ADD00B8EF74 /* SplitScreen_6.fsh */; };
		0975C12522C21ADD00B8EF74 /* SplitScreen_3.fsh in Resources */ = {isa = PBXBuildFile; fileRef = 0975C11D22C21ADD00B8EF74 /* SplitScreen_3.fsh */; };
		0975C12622C21ADD00B8EF74 /* SplitScreen_9.fsh in Resources */ = {isa = PBXBuildFile; fileRef = 0975C11E22C21ADD00B8EF74 /* SplitScreen_9.fsh */; };
		099FA5CB22BB33900063BCCA /* shaderf1.fsh in Resources */ = {isa = PBXBuildFile; fileRef = 099FA5C722BB33900063BCCA /* shaderf1.fsh */; };
		099FA5CC22BB33900063BCCA /* SJView1.m in Sources */ = {isa = PBXBuildFile; fileRef = 099FA5C822BB33900063BCCA /* SJView1.m */; };
		099FA5CD22BB33900063BCCA /* shaderv1.vsh in Resources */ = {isa = PBXBuildFile; fileRef = 099FA5C922BB33900063BCCA /* shaderv1.vsh */; };
		099FA5D022BB33CF0063BCCA /* Example1_VC.m in Sources */ = {isa = PBXBuildFile; fileRef = 099FA5CF22BB33CF0063BCCA /* Example1_VC.m */; };
		099FA5D222BB74590063BCCA /* Assets.xcassets in Resources */ = {isa = PBXBuildFile; fileRef = 099FA5D122BB74590063BCCA /* Assets.xcassets */; };
		09B19F3722C9A31C00B5DA42 /* Scale.vsh in Resources */ = {isa = PBXBuildFile; fileRef = 09B19F3622C9A31C00B5DA42 /* Scale.vsh */; };
		09B19F3922C9A32800B5DA42 /* Scale.fsh in Resources */ = {isa = PBXBuildFile; fileRef = 09B19F3822C9A32800B5DA42 /* Scale.fsh */; };
		09B19F3C22C9A73700B5DA42 /* ShapeFilter_VC.m in Sources */ = {isa = PBXBuildFile; fileRef = 09B19F3B22C9A73700B5DA42 /* ShapeFilter_VC.m */; };
		09B19F3E22C9AC9400B5DA42 /* SoulOut.vsh in Resources */ = {isa = PBXBuildFile; fileRef = 09B19F3D22C9AC9400B5DA42 /* SoulOut.vsh */; };
		09B19F4022C9AC9E00B5DA42 /* SoulOut.fsh in Resources */ = {isa = PBXBuildFile; fileRef = 09B19F3F22C9AC9E00B5DA42 /* SoulOut.fsh */; };
		09B19F4222C9B86900B5DA42 /* Shake.vsh in Resources */ = {isa = PBXBuildFile; fileRef = 09B19F4122C9B86900B5DA42 /* Shake.vsh */; };
		09B19F4422C9B87200B5DA42 /* Shake.fsh in Resources */ = {isa = PBXBuildFile; fileRef = 09B19F4322C9B87200B5DA42 /* Shake.fsh */; };
		09B19F4622C9DB1A00B5DA42 /* FlashLight.vsh in Resources */ = {isa = PBXBuildFile; fileRef = 09B19F4522C9DB1A00B5DA42 /* FlashLight.vsh */; };
		09B19F4822C9DB2500B5DA42 /* FlashLight.fsh in Resources */ = {isa = PBXBuildFile; fileRef = 09B19F4722C9DB2500B5DA42 /* FlashLight.fsh */; };
		09B19F4A22C9E02D00B5DA42 /* Glitch.vsh in Resources */ = {isa = PBXBuildFile; fileRef = 09B19F4922C9E02D00B5DA42 /* Glitch.vsh */; };
		09B19F4C22C9E03800B5DA42 /* Glitch.fsh in Resources */ = {isa = PBXBuildFile; fileRef = 09B19F4B22C9E03800B5DA42 /* Glitch.fsh */; };
		09F0932822B2324400E6E9EF /* AppDelegate.m in Sources */ = {isa = PBXBuildFile; fileRef = 09F0932722B2324400E6E9EF /* AppDelegate.m */; };
		09F0932B22B2324400E6E9EF /* ViewController.m in Sources */ = {isa = PBXBuildFile; fileRef = 09F0932A22B2324400E6E9EF /* ViewController.m */; };
		09F0932E22B2324400E6E9EF /* Main.storyboard in Resources */ = {isa = PBXBuildFile; fileRef = 09F0932C22B2324400E6E9EF /* Main.storyboard */; };
		09F0933322B2324600E6E9EF /* LaunchScreen.storyboard in Resources */ = {isa = PBXBuildFile; fileRef = 09F0933122B2324600E6E9EF /* LaunchScreen.storyboard */; };
		09F0933622B2324600E6E9EF /* main.m in Sources */ = {isa = PBXBuildFile; fileRef = 09F0933522B2324600E6E9EF /* main.m */; };
		09F0934022B2324600E6E9EF /* OpenGLES_GLSLTests.m in Sources */ = {isa = PBXBuildFile; fileRef = 09F0933F22B2324600E6E9EF /* OpenGLES_GLSLTests.m */; };
		09F0934B22B2324600E6E9EF /* OpenGLES_GLSLUITests.m in Sources */ = {isa = PBXBuildFile; fileRef = 09F0934A22B2324600E6E9EF /* OpenGLES_GLSLUITests.m */; };
		09F4FE6E22C5B17A00602F86 /* Sexangle.vsh in Resources */ = {isa = PBXBuildFile; fileRef = 09F4FE6D22C5B17A00602F86 /* Sexangle.vsh */; };
		09F4FE7022C5B18400602F86 /* Sexangle.fsh in Resources */ = {isa = PBXBuildFile; fileRef = 09F4FE6F22C5B18400602F86 /* Sexangle.fsh */; };
		09F4FE7222C5BDD500602F86 /* Triangle.vsh in Resources */ = {isa = PBXBuildFile; fileRef = 09F4FE7122C5BDD500602F86 /* Triangle.vsh */; };
		09F4FE7422C5BDE200602F86 /* Triangle.fsh in Resources */ = {isa = PBXBuildFile; fileRef = 09F4FE7322C5BDE200602F86 /* Triangle.fsh */; };
		09F4FE7622C5BF1800602F86 /* Circle.vsh in Resources */ = {isa = PBXBuildFile; fileRef = 09F4FE7522C5BF1800602F86 /* Circle.vsh */; };
		09F4FE7822C5BF2100602F86 /* Circle.fsh in Resources */ = {isa = PBXBuildFile; fileRef = 09F4FE7722C5BF2100602F86 /* Circle.fsh */; };
/* End PBXBuildFile section */

/* Begin PBXContainerItemProxy section */
		09F0933C22B2324600E6E9EF /* PBXContainerItemProxy */ = {
			isa = PBXContainerItemProxy;
			containerPortal = 09F0931B22B2324400E6E9EF /* Project object */;
			proxyType = 1;
			remoteGlobalIDString = 09F0932222B2324400E6E9EF;
			remoteInfo = OpenGLES_GLSL;
		};
		09F0934722B2324600E6E9EF /* PBXContainerItemProxy */ = {
			isa = PBXContainerItemProxy;
			containerPortal = 09F0931B22B2324400E6E9EF /* Project object */;
			proxyType = 1;
			remoteGlobalIDString = 09F0932222B2324400E6E9EF;
			remoteInfo = OpenGLES_GLSL;
		};
/* End PBXContainerItemProxy section */

/* Begin PBXFileReference section */
		09702C4422C499BB00FAFFF2 /* FilterBarCell.m */ = {isa = PBXFileReference; fileEncoding = 4; lastKnownFileType = sourcecode.c.objc; path = FilterBarCell.m; sourceTree = "<group>"; };
		09702C4522C499BB00FAFFF2 /* FilterBar.m */ = {isa = PBXFileReference; fileEncoding = 4; lastKnownFileType = sourcecode.c.objc; path = FilterBar.m; sourceTree = "<group>"; };
		09702C4622C499BB00FAFFF2 /* FilterBarCell.h */ = {isa = PBXFileReference; fileEncoding = 4; lastKnownFileType = sourcecode.c.h; path = FilterBarCell.h; sourceTree = "<group>"; };
		09702C4722C499BB00FAFFF2 /* FilterBar.h */ = {isa = PBXFileReference; fileEncoding = 4; lastKnownFileType = sourcecode.c.h; path = FilterBar.h; sourceTree = "<group>"; };
		09702C4B22C49ADE00FAFFF2 /* Normal.vsh */ = {isa = PBXFileReference; lastKnownFileType = sourcecode.glsl; path = Normal.vsh; sourceTree = "<group>"; };
		09702C4D22C49AEB00FAFFF2 /* Normal.fsh */ = {isa = PBXFileReference; lastKnownFileType = sourcecode.glsl; path = Normal.fsh; sourceTree = "<group>"; };
		09702C4F22C49B0100FAFFF2 /* Gray.vsh */ = {isa = PBXFileReference; lastKnownFileType = sourcecode.glsl; path = Gray.vsh; sourceTree = "<group>"; };
		09702C5122C49B0D00FAFFF2 /* Gray.fsh */ = {isa = PBXFileReference; lastKnownFileType = sourcecode.glsl; path = Gray.fsh; sourceTree = "<group>"; };
		09702C5322C49D6600FAFFF2 /* MosaicFilter_VC.h */ = {isa = PBXFileReference; lastKnownFileType = sourcecode.c.h; path = MosaicFilter_VC.h; sourceTree = "<group>"; };
		09702C5422C49D6600FAFFF2 /* MosaicFilter_VC.m */ = {isa = PBXFileReference; lastKnownFileType = sourcecode.c.objc; path = MosaicFilter_VC.m; sourceTree = "<group>"; };
		09702C5622C4AD9A00FAFFF2 /* Rectangle.vsh */ = {isa = PBXFileReference; lastKnownFileType = sourcecode.glsl; path = Rectangle.vsh; sourceTree = "<group>"; };
		09702C5822C4ADAD00FAFFF2 /* Rectangle.fsh */ = {isa = PBXFileReference; lastKnownFileType = sourcecode.glsl; path = Rectangle.fsh; sourceTree = "<group>"; };
		09702C5A22C4B0A900FAFFF2 /* Relief.vsh */ = {isa = PBXFileReference; lastKnownFileType = sourcecode.glsl; path = Relief.vsh; sourceTree = "<group>"; };
		09702C5C22C4B0B800FAFFF2 /* Relief.fsh */ = {isa = PBXFileReference; lastKnownFileType = sourcecode.glsl; path = Relief.fsh; sourceTree = "<group>"; };
		09702C5E22C4BDF800FAFFF2 /* Vortex.vsh */ = {isa = PBXFileReference; lastKnownFileType = sourcecode.glsl; path = Vortex.vsh; sourceTree = "<group>"; };
		09702C6022C4BE0500FAFFF2 /* Vortex.fsh */ = {isa = PBXFileReference; lastKnownFileType = sourcecode.glsl; path = Vortex.fsh; sourceTree = "<group>"; };
		0975C10822C1CAA800B8EF74 /* Normal.vsh */ = {isa = PBXFileReference; lastKnownFileType = sourcecode.glsl; path = Normal.vsh; sourceTree = "<group>"; };
		0975C10A22C1CAB600B8EF74 /* Normal.fsh */ = {isa = PBXFileReference; lastKnownFileType = sourcecode.glsl; path = Normal.fsh; sourceTree = "<group>"; };
		0975C10C22C1CDC800B8EF74 /* SplitScreen_VC.h */ = {isa = PBXFileReference; lastKnownFileType = sourcecode.c.h; path = SplitScreen_VC.h; sourceTree = "<group>"; };
		0975C10D22C1CDC800B8EF74 /* SplitScreen_VC.m */ = {isa = PBXFileReference; lastKnownFileType = sourcecode.c.objc; path = SplitScreen_VC.m; sourceTree = "<group>"; };
		0975C11322C2161F00B8EF74 /* SplitScreen_2.vsh */ = {isa = PBXFileReference; lastKnownFileType = sourcecode.glsl; path = SplitScreen_2.vsh; sourceTree = "<group>"; };
		0975C11522C2163A00B8EF74 /* SplitScreen_2.fsh */ = {isa = PBXFileReference; lastKnownFileType = sourcecode.glsl; path = SplitScreen_2.fsh; sourceTree = "<group>"; };
		0975C11722C21ADC00B8EF74 /* SplitScreen_4.vsh */ = {isa = PBXFileReference; fileEncoding = 4; lastKnownFileType = sourcecode.glsl; path = SplitScreen_4.vsh; sourceTree = "<group>"; };
		0975C11822C21ADC00B8EF74 /* SplitScreen_3.vsh */ = {isa = PBXFileReference; fileEncoding = 4; lastKnownFileType = sourcecode.glsl; path = SplitScreen_3.vsh; sourceTree = "<group>"; };
		0975C11922C21ADC00B8EF74 /* SplitScreen_9.vsh */ = {isa = PBXFileReference; fileEncoding = 4; lastKnownFileType = sourcecode.glsl; path = SplitScreen_9.vsh; sourceTree = "<group>"; };
		0975C11A22C21ADC00B8EF74 /* SplitScreen_4.fsh */ = {isa = PBXFileReference; fileEncoding = 4; lastKnownFileType = sourcecode.glsl; path = SplitScreen_4.fsh; sourceTree = "<group>"; };
		0975C11B22C21ADC00B8EF74 /* SplitScreen_6.vsh */ = {isa = PBXFileReference; fileEncoding = 4; lastKnownFileType = sourcecode.glsl; path = SplitScreen_6.vsh; sourceTree = "<group>"; };
		0975C11C22C21ADD00B8EF74 /* SplitScreen_6.fsh */ = {isa = PBXFileReference; fileEncoding = 4; lastKnownFileType = sourcecode.glsl; path = SplitScreen_6.fsh; sourceTree = "<group>"; };
		0975C11D22C21ADD00B8EF74 /* SplitScreen_3.fsh */ = {isa = PBXFileReference; fileEncoding = 4; lastKnownFileType = sourcecode.glsl; path = SplitScreen_3.fsh; sourceTree = "<group>"; };
		0975C11E22C21ADD00B8EF74 /* SplitScreen_9.fsh */ = {isa = PBXFileReference; fileEncoding = 4; lastKnownFileType = sourcecode.glsl; path = SplitScreen_9.fsh; sourceTree = "<group>"; };
		099FA5C722BB33900063BCCA /* shaderf1.fsh */ = {isa = PBXFileReference; fileEncoding = 4; lastKnownFileType = sourcecode.glsl; path = shaderf1.fsh; sourceTree = "<group>"; };
		099FA5C822BB33900063BCCA /* SJView1.m */ = {isa = PBXFileReference; fileEncoding = 4; lastKnownFileType = sourcecode.c.objc; path = SJView1.m; sourceTree = "<group>"; };
		099FA5C922BB33900063BCCA /* shaderv1.vsh */ = {isa = PBXFileReference; fileEncoding = 4; lastKnownFileType = sourcecode.glsl; path = shaderv1.vsh; sourceTree = "<group>"; };
		099FA5CA22BB33900063BCCA /* SJView1.h */ = {isa = PBXFileReference; fileEncoding = 4; lastKnownFileType = sourcecode.c.h; path = SJView1.h; sourceTree = "<group>"; };
		099FA5CE22BB33CF0063BCCA /* Example1_VC.h */ = {isa = PBXFileReference; lastKnownFileType = sourcecode.c.h; path = Example1_VC.h; sourceTree = "<group>"; };
		099FA5CF22BB33CF0063BCCA /* Example1_VC.m */ = {isa = PBXFileReference; lastKnownFileType = sourcecode.c.objc; path = Example1_VC.m; sourceTree = "<group>"; };
		099FA5D122BB74590063BCCA /* Assets.xcassets */ = {isa = PBXFileReference; lastKnownFileType = folder.assetcatalog; path = Assets.xcassets; sourceTree = "<group>"; };
		09B19F3622C9A31C00B5DA42 /* Scale.vsh */ = {isa = PBXFileReference; lastKnownFileType = sourcecode.glsl; path = Scale.vsh; sourceTree = "<group>"; };
		09B19F3822C9A32800B5DA42 /* Scale.fsh */ = {isa = PBXFileReference; lastKnownFileType = sourcecode.glsl; path = Scale.fsh; sourceTree = "<group>"; };
		09B19F3A22C9A73700B5DA42 /* ShapeFilter_VC.h */ = {isa = PBXFileReference; lastKnownFileType = sourcecode.c.h; path = ShapeFilter_VC.h; sourceTree = "<group>"; };
		09B19F3B22C9A73700B5DA42 /* ShapeFilter_VC.m */ = {isa = PBXFileReference; lastKnownFileType = sourcecode.c.objc; path = ShapeFilter_VC.m; sourceTree = "<group>"; };
		09B19F3D22C9AC9400B5DA42 /* SoulOut.vsh */ = {isa = PBXFileReference; lastKnownFileType = sourcecode.glsl; path = SoulOut.vsh; sourceTree = "<group>"; };
		09B19F3F22C9AC9E00B5DA42 /* SoulOut.fsh */ = {isa = PBXFileReference; lastKnownFileType = sourcecode.glsl; path = SoulOut.fsh; sourceTree = "<group>"; };
		09B19F4122C9B86900B5DA42 /* Shake.vsh */ = {isa = PBXFileReference; lastKnownFileType = sourcecode.glsl; path = Shake.vsh; sourceTree = "<group>"; };
		09B19F4322C9B87200B5DA42 /* Shake.fsh */ = {isa = PBXFileReference; lastKnownFileType = sourcecode.glsl; path = Shake.fsh; sourceTree = "<group>"; };
		09B19F4522C9DB1A00B5DA42 /* FlashLight.vsh */ = {isa = PBXFileReference; lastKnownFileType = sourcecode.glsl; path = FlashLight.vsh; sourceTree = "<group>"; };
		09B19F4722C9DB2500B5DA42 /* FlashLight.fsh */ = {isa = PBXFileReference; lastKnownFileType = sourcecode.glsl; path = FlashLight.fsh; sourceTree = "<group>"; };
		09B19F4922C9E02D00B5DA42 /* Glitch.vsh */ = {isa = PBXFileReference; lastKnownFileType = sourcecode.glsl; path = Glitch.vsh; sourceTree = "<group>"; };
		09B19F4B22C9E03800B5DA42 /* Glitch.fsh */ = {isa = PBXFileReference; lastKnownFileType = sourcecode.glsl; path = Glitch.fsh; sourceTree = "<group>"; };
		09F0932322B2324400E6E9EF /* OpenGLES_GLSL.app */ = {isa = PBXFileReference; explicitFileType = wrapper.application; includeInIndex = 0; path = OpenGLES_GLSL.app; sourceTree = BUILT_PRODUCTS_DIR; };
		09F0932622B2324400E6E9EF /* AppDelegate.h */ = {isa = PBXFileReference; lastKnownFileType = sourcecode.c.h; path = AppDelegate.h; sourceTree = "<group>"; };
		09F0932722B2324400E6E9EF /* AppDelegate.m */ = {isa = PBXFileReference; lastKnownFileType = sourcecode.c.objc; path = AppDelegate.m; sourceTree = "<group>"; };
		09F0932922B2324400E6E9EF /* ViewController.h */ = {isa = PBXFileReference; lastKnownFileType = sourcecode.c.h; path = ViewController.h; sourceTree = "<group>"; };
		09F0932A22B2324400E6E9EF /* ViewController.m */ = {isa = PBXFileReference; lastKnownFileType = sourcecode.c.objc; path = ViewController.m; sourceTree = "<group>"; };
		09F0932D22B2324400E6E9EF /* Base */ = {isa = PBXFileReference; lastKnownFileType = file.storyboard; name = Base; path = Base.lproj/Main.storyboard; sourceTree = "<group>"; };
		09F0933222B2324600E6E9EF /* Base */ = {isa = PBXFileReference; lastKnownFileType = file.storyboard; name = Base; path = Base.lproj/LaunchScreen.storyboard; sourceTree = "<group>"; };
		09F0933422B2324600E6E9EF /* Info.plist */ = {isa = PBXFileReference; lastKnownFileType = text.plist.xml; path = Info.plist; sourceTree = "<group>"; };
		09F0933522B2324600E6E9EF /* main.m */ = {isa = PBXFileReference; lastKnownFileType = sourcecode.c.objc; path = main.m; sourceTree = "<group>"; };
		09F0933B22B2324600E6E9EF /* OpenGLES_GLSLTests.xctest */ = {isa = PBXFileReference; explicitFileType = wrapper.cfbundle; includeInIndex = 0; path = OpenGLES_GLSLTests.xctest; sourceTree = BUILT_PRODUCTS_DIR; };
		09F0933F22B2324600E6E9EF /* OpenGLES_GLSLTests.m */ = {isa = PBXFileReference; lastKnownFileType = sourcecode.c.objc; path = OpenGLES_GLSLTests.m; sourceTree = "<group>"; };
		09F0934122B2324600E6E9EF /* Info.plist */ = {isa = PBXFileReference; lastKnownFileType = text.plist.xml; path = Info.plist; sourceTree = "<group>"; };
		09F0934622B2324600E6E9EF /* OpenGLES_GLSLUITests.xctest */ = {isa = PBXFileReference; explicitFileType = wrapper.cfbundle; includeInIndex = 0; path = OpenGLES_GLSLUITests.xctest; sourceTree = BUILT_PRODUCTS_DIR; };
		09F0934A22B2324600E6E9EF /* OpenGLES_GLSLUITests.m */ = {isa = PBXFileReference; lastKnownFileType = sourcecode.c.objc; path = OpenGLES_GLSLUITests.m; sourceTree = "<group>"; };
		09F0934C22B2324600E6E9EF /* Info.plist */ = {isa = PBXFileReference; lastKnownFileType = text.plist.xml; path = Info.plist; sourceTree = "<group>"; };
		09F4FE6D22C5B17A00602F86 /* Sexangle.vsh */ = {isa = PBXFileReference; lastKnownFileType = sourcecode.glsl; path = Sexangle.vsh; sourceTree = "<group>"; };
		09F4FE6F22C5B18400602F86 /* Sexangle.fsh */ = {isa = PBXFileReference; lastKnownFileType = sourcecode.glsl; path = Sexangle.fsh; sourceTree = "<group>"; };
		09F4FE7122C5BDD500602F86 /* Triangle.vsh */ = {isa = PBXFileReference; lastKnownFileType = sourcecode.glsl; path = Triangle.vsh; sourceTree = "<group>"; };
		09F4FE7322C5BDE200602F86 /* Triangle.fsh */ = {isa = PBXFileReference; lastKnownFileType = sourcecode.glsl; path = Triangle.fsh; sourceTree = "<group>"; };
		09F4FE7522C5BF1800602F86 /* Circle.vsh */ = {isa = PBXFileReference; lastKnownFileType = sourcecode.glsl; path = Circle.vsh; sourceTree = "<group>"; };
		09F4FE7722C5BF2100602F86 /* Circle.fsh */ = {isa = PBXFileReference; lastKnownFileType = sourcecode.glsl; path = Circle.fsh; sourceTree = "<group>"; };
/* End PBXFileReference section */

/* Begin PBXFrameworksBuildPhase section */
		09F0932022B2324400E6E9EF /* Frameworks */ = {
			isa = PBXFrameworksBuildPhase;
			buildActionMask = 2147483647;
			files = (
			);
			runOnlyForDeploymentPostprocessing = 0;
		};
		09F0933822B2324600E6E9EF /* Frameworks */ = {
			isa = PBXFrameworksBuildPhase;
			buildActionMask = 2147483647;
			files = (
			);
			runOnlyForDeploymentPostprocessing = 0;
		};
		09F0934322B2324600E6E9EF /* Frameworks */ = {
			isa = PBXFrameworksBuildPhase;
			buildActionMask = 2147483647;
			files = (
			);
			runOnlyForDeploymentPostprocessing = 0;
		};
/* End PBXFrameworksBuildPhase section */

/* Begin PBXGroup section */
		09702C4222C499BB00FAFFF2 /* Example_Filter */ = {
			isa = PBXGroup;
			children = (
				09702C4A22C49A8400FAFFF2 /* Filters */,
				09702C5322C49D6600FAFFF2 /* MosaicFilter_VC.h */,
				09702C5422C49D6600FAFFF2 /* MosaicFilter_VC.m */,
			);
			path = Example_Filter;
			sourceTree = "<group>";
		};
		09702C4322C499BB00FAFFF2 /* Tool */ = {
			isa = PBXGroup;
			children = (
				09702C4422C499BB00FAFFF2 /* FilterBarCell.m */,
				09702C4522C499BB00FAFFF2 /* FilterBar.m */,
				09702C4622C499BB00FAFFF2 /* FilterBarCell.h */,
				09702C4722C499BB00FAFFF2 /* FilterBar.h */,
			);
			path = Tool;
			sourceTree = "<group>";
		};
		09702C4A22C49A8400FAFFF2 /* Filters */ = {
			isa = PBXGroup;
			children = (
				09702C4B22C49ADE00FAFFF2 /* Normal.vsh */,
				09702C4D22C49AEB00FAFFF2 /* Normal.fsh */,
				09702C4F22C49B0100FAFFF2 /* Gray.vsh */,
				09702C5122C49B0D00FAFFF2 /* Gray.fsh */,
				09702C5A22C4B0A900FAFFF2 /* Relief.vsh */,
				09702C5C22C4B0B800FAFFF2 /* Relief.fsh */,
				09702C5E22C4BDF800FAFFF2 /* Vortex.vsh */,
				09702C6022C4BE0500FAFFF2 /* Vortex.fsh */,
				09702C5622C4AD9A00FAFFF2 /* Rectangle.vsh */,
				09702C5822C4ADAD00FAFFF2 /* Rectangle.fsh */,
				09F4FE6D22C5B17A00602F86 /* Sexangle.vsh */,
				09F4FE6F22C5B18400602F86 /* Sexangle.fsh */,
				09F4FE7122C5BDD500602F86 /* Triangle.vsh */,
				09F4FE7322C5BDE200602F86 /* Triangle.fsh */,
				09F4FE7522C5BF1800602F86 /* Circle.vsh */,
				09F4FE7722C5BF2100602F86 /* Circle.fsh */,
			);
			path = Filters;
			sourceTree = "<group>";
		};
		0975C0FF22C1C9C700B8EF74 /* Example_SplitScreen */ = {
			isa = PBXGroup;
			children = (
				0975C10722C1CA6600B8EF74 /* Fileter */,
				0975C10C22C1CDC800B8EF74 /* SplitScreen_VC.h */,
				0975C10D22C1CDC800B8EF74 /* SplitScreen_VC.m */,
			);
			path = Example_SplitScreen;
			sourceTree = "<group>";
		};
		0975C10722C1CA6600B8EF74 /* Fileter */ = {
			isa = PBXGroup;
			children = (
				0975C10822C1CAA800B8EF74 /* Normal.vsh */,
				0975C10A22C1CAB600B8EF74 /* Normal.fsh */,
				0975C11322C2161F00B8EF74 /* SplitScreen_2.vsh */,
				0975C11522C2163A00B8EF74 /* SplitScreen_2.fsh */,
				0975C11D22C21ADD00B8EF74 /* SplitScreen_3.fsh */,
				0975C11822C21ADC00B8EF74 /* SplitScreen_3.vsh */,
				0975C11A22C21ADC00B8EF74 /* SplitScreen_4.fsh */,
				0975C11722C21ADC00B8EF74 /* SplitScreen_4.vsh */,
				0975C11C22C21ADD00B8EF74 /* SplitScreen_6.fsh */,
				0975C11B22C21ADC00B8EF74 /* SplitScreen_6.vsh */,
				0975C11E22C21ADD00B8EF74 /* SplitScreen_9.fsh */,
				0975C11922C21ADC00B8EF74 /* SplitScreen_9.vsh */,
			);
			path = Fileter;
			sourceTree = "<group>";
		};
		099FA5C622BB33900063BCCA /* Example_LoadImage */ = {
			isa = PBXGroup;
			children = (
				099FA5C722BB33900063BCCA /* shaderf1.fsh */,
				099FA5C922BB33900063BCCA /* shaderv1.vsh */,
				099FA5CA22BB33900063BCCA /* SJView1.h */,
				099FA5C822BB33900063BCCA /* SJView1.m */,
				099FA5CE22BB33CF0063BCCA /* Example1_VC.h */,
				099FA5CF22BB33CF0063BCCA /* Example1_VC.m */,
			);
			path = Example_LoadImage;
			sourceTree = "<group>";
		};
		09B19F3422C9A30700B5DA42 /* Example_Filter_2 */ = {
			isa = PBXGroup;
			children = (
				09B19F3522C9A30700B5DA42 /* Filters */,
				09B19F3A22C9A73700B5DA42 /* ShapeFilter_VC.h */,
				09B19F3B22C9A73700B5DA42 /* ShapeFilter_VC.m */,
			);
			path = Example_Filter_2;
			sourceTree = "<group>";
		};
		09B19F3522C9A30700B5DA42 /* Filters */ = {
			isa = PBXGroup;
			children = (
				09B19F3622C9A31C00B5DA42 /* Scale.vsh */,
				09B19F3822C9A32800B5DA42 /* Scale.fsh */,
				09B19F3D22C9AC9400B5DA42 /* SoulOut.vsh */,
				09B19F3F22C9AC9E00B5DA42 /* SoulOut.fsh */,
				09B19F4122C9B86900B5DA42 /* Shake.vsh */,
				09B19F4322C9B87200B5DA42 /* Shake.fsh */,
				09B19F4522C9DB1A00B5DA42 /* FlashLight.vsh */,
				09B19F4722C9DB2500B5DA42 /* FlashLight.fsh */,
				09B19F4922C9E02D00B5DA42 /* Glitch.vsh */,
				09B19F4B22C9E03800B5DA42 /* Glitch.fsh */,
			);
			path = Filters;
			sourceTree = "<group>";
		};
		09F0931A22B2324400E6E9EF = {
			isa = PBXGroup;
			children = (
				09F0932522B2324400E6E9EF /* OpenGLES_GLSL */,
				09F0933E22B2324600E6E9EF /* OpenGLES_GLSLTests */,
				09F0934922B2324600E6E9EF /* OpenGLES_GLSLUITests */,
				09F0932422B2324400E6E9EF /* Products */,
			);
			sourceTree = "<group>";
		};
		09F0932422B2324400E6E9EF /* Products */ = {
			isa = PBXGroup;
			children = (
				09F0932322B2324400E6E9EF /* OpenGLES_GLSL.app */,
				09F0933B22B2324600E6E9EF /* OpenGLES_GLSLTests.xctest */,
				09F0934622B2324600E6E9EF /* OpenGLES_GLSLUITests.xctest */,
			);
			name = Products;
			sourceTree = "<group>";
		};
		09F0932522B2324400E6E9EF /* OpenGLES_GLSL */ = {
			isa = PBXGroup;
			children = (
				09B19F3422C9A30700B5DA42 /* Example_Filter_2 */,
				09702C4222C499BB00FAFFF2 /* Example_Filter */,
				0975C0FF22C1C9C700B8EF74 /* Example_SplitScreen */,
				099FA5C622BB33900063BCCA /* Example_LoadImage */,
				09702C4322C499BB00FAFFF2 /* Tool */,
				09F0932622B2324400E6E9EF /* AppDelegate.h */,
				09F0932722B2324400E6E9EF /* AppDelegate.m */,
				09F0932922B2324400E6E9EF /* ViewController.h */,
				09F0932A22B2324400E6E9EF /* ViewController.m */,
				099FA5D122BB74590063BCCA /* Assets.xcassets */,
				09F0932C22B2324400E6E9EF /* Main.storyboard */,
				09F0933122B2324600E6E9EF /* LaunchScreen.storyboard */,
				09F0933422B2324600E6E9EF /* Info.plist */,
				09F0933522B2324600E6E9EF /* main.m */,
			);
			path = OpenGLES_GLSL;
			sourceTree = "<group>";
		};
		09F0933E22B2324600E6E9EF /* OpenGLES_GLSLTests */ = {
			isa = PBXGroup;
			children = (
				09F0933F22B2324600E6E9EF /* OpenGLES_GLSLTests.m */,
				09F0934122B2324600E6E9EF /* Info.plist */,
			);
			path = OpenGLES_GLSLTests;
			sourceTree = "<group>";
		};
		09F0934922B2324600E6E9EF /* OpenGLES_GLSLUITests */ = {
			isa = PBXGroup;
			children = (
				09F0934A22B2324600E6E9EF /* OpenGLES_GLSLUITests.m */,
				09F0934C22B2324600E6E9EF /* Info.plist */,
			);
			path = OpenGLES_GLSLUITests;
			sourceTree = "<group>";
		};
/* End PBXGroup section */

/* Begin PBXNativeTarget section */
		09F0932222B2324400E6E9EF /* OpenGLES_GLSL */ = {
			isa = PBXNativeTarget;
			buildConfigurationList = 09F0934F22B2324600E6E9EF /* Build configuration list for PBXNativeTarget "OpenGLES_GLSL" */;
			buildPhases = (
				09F0931F22B2324400E6E9EF /* Sources */,
				09F0932022B2324400E6E9EF /* Frameworks */,
				09F0932122B2324400E6E9EF /* Resources */,
			);
			buildRules = (
			);
			dependencies = (
			);
			name = OpenGLES_GLSL;
			productName = OpenGLES_GLSL;
			productReference = 09F0932322B2324400E6E9EF /* OpenGLES_GLSL.app */;
			productType = "com.apple.product-type.application";
		};
		09F0933A22B2324600E6E9EF /* OpenGLES_GLSLTests */ = {
			isa = PBXNativeTarget;
			buildConfigurationList = 09F0935222B2324600E6E9EF /* Build configuration list for PBXNativeTarget "OpenGLES_GLSLTests" */;
			buildPhases = (
				09F0933722B2324600E6E9EF /* Sources */,
				09F0933822B2324600E6E9EF /* Frameworks */,
				09F0933922B2324600E6E9EF /* Resources */,
			);
			buildRules = (
			);
			dependencies = (
				09F0933D22B2324600E6E9EF /* PBXTargetDependency */,
			);
			name = OpenGLES_GLSLTests;
			productName = OpenGLES_GLSLTests;
			productReference = 09F0933B22B2324600E6E9EF /* OpenGLES_GLSLTests.xctest */;
			productType = "com.apple.product-type.bundle.unit-test";
		};
		09F0934522B2324600E6E9EF /* OpenGLES_GLSLUITests */ = {
			isa = PBXNativeTarget;
			buildConfigurationList = 09F0935522B2324600E6E9EF /* Build configuration list for PBXNativeTarget "OpenGLES_GLSLUITests" */;
			buildPhases = (
				09F0934222B2324600E6E9EF /* Sources */,
				09F0934322B2324600E6E9EF /* Frameworks */,
				09F0934422B2324600E6E9EF /* Resources */,
			);
			buildRules = (
			);
			dependencies = (
				09F0934822B2324600E6E9EF /* PBXTargetDependency */,
			);
			name = OpenGLES_GLSLUITests;
			productName = OpenGLES_GLSLUITests;
			productReference = 09F0934622B2324600E6E9EF /* OpenGLES_GLSLUITests.xctest */;
			productType = "com.apple.product-type.bundle.ui-testing";
		};
/* End PBXNativeTarget section */

/* Begin PBXProject section */
		09F0931B22B2324400E6E9EF /* Project object */ = {
			isa = PBXProject;
			attributes = {
				LastUpgradeCheck = 1010;
				ORGANIZATIONNAME = xiangshang360;
				TargetAttributes = {
					09F0932222B2324400E6E9EF = {
						CreatedOnToolsVersion = 10.1;
					};
					09F0933A22B2324600E6E9EF = {
						CreatedOnToolsVersion = 10.1;
						TestTargetID = 09F0932222B2324400E6E9EF;
					};
					09F0934522B2324600E6E9EF = {
						CreatedOnToolsVersion = 10.1;
						TestTargetID = 09F0932222B2324400E6E9EF;
					};
				};
			};
			buildConfigurationList = 09F0931E22B2324400E6E9EF /* Build configuration list for PBXProject "OpenGLES_GLSL" */;
			compatibilityVersion = "Xcode 9.3";
			developmentRegion = en;
			hasScannedForEncodings = 0;
			knownRegions = (
				en,
				Base,
			);
			mainGroup = 09F0931A22B2324400E6E9EF;
			productRefGroup = 09F0932422B2324400E6E9EF /* Products */;
			projectDirPath = "";
			projectRoot = "";
			targets = (
				09F0932222B2324400E6E9EF /* OpenGLES_GLSL */,
				09F0933A22B2324600E6E9EF /* OpenGLES_GLSLTests */,
				09F0934522B2324600E6E9EF /* OpenGLES_GLSLUITests */,
			);
		};
/* End PBXProject section */

/* Begin PBXResourcesBuildPhase section */
		09F0932122B2324400E6E9EF /* Resources */ = {
			isa = PBXResourcesBuildPhase;
			buildActionMask = 2147483647;
			files = (
				09F0933322B2324600E6E9EF /* LaunchScreen.storyboard in Resources */,
				09B19F4822C9DB2500B5DA42 /* FlashLight.fsh in Resources */,
				0975C12422C21ADD00B8EF74 /* SplitScreen_6.fsh in Resources */,
				09702C5022C49B0100FAFFF2 /* Gray.vsh in Resources */,
				09B19F3922C9A32800B5DA42 /* Scale.fsh in Resources */,
				09702C4C22C49ADE00FAFFF2 /* Normal.vsh in Resources */,
				09B19F3E22C9AC9400B5DA42 /* SoulOut.vsh in Resources */,
				0975C11622C2163A00B8EF74 /* SplitScreen_2.fsh in Resources */,
				09F4FE7422C5BDE200602F86 /* Triangle.fsh in Resources */,
				099FA5CB22BB33900063BCCA /* shaderf1.fsh in Resources */,
				0975C10922C1CAA800B8EF74 /* Normal.vsh in Resources */,
				09702C4E22C49AEB00FAFFF2 /* Normal.fsh in Resources */,
				09F0932E22B2324400E6E9EF /* Main.storyboard in Resources */,
				0975C12122C21ADD00B8EF74 /* SplitScreen_9.vsh in Resources */,
				0975C11F22C21ADD00B8EF74 /* SplitScreen_4.vsh in Resources */,
				09B19F4422C9B87200B5DA42 /* Shake.fsh in Resources */,
				09B19F4222C9B86900B5DA42 /* Shake.vsh in Resources */,
				09F4FE7222C5BDD500602F86 /* Triangle.vsh in Resources */,
				0975C10B22C1CAB600B8EF74 /* Normal.fsh in Resources */,
				0975C12622C21ADD00B8EF74 /* SplitScreen_9.fsh in Resources */,
				09702C5B22C4B0A900FAFFF2 /* Relief.vsh in Resources */,
				09F4FE6E22C5B17A00602F86 /* Sexangle.vsh in Resources */,
				09B19F4A22C9E02D00B5DA42 /* Glitch.vsh in Resources */,
				0975C11422C2161F00B8EF74 /* SplitScreen_2.vsh in Resources */,
				09F4FE7822C5BF2100602F86 /* Circle.fsh in Resources */,
				0975C12322C21ADD00B8EF74 /* SplitScreen_6.vsh in Resources */,
				09B19F4022C9AC9E00B5DA42 /* SoulOut.fsh in Resources */,
				099FA5CD22BB33900063BCCA /* shaderv1.vsh in Resources */,
				09B19F4C22C9E03800B5DA42 /* Glitch.fsh in Resources */,
				09702C5F22C4BDF800FAFFF2 /* Vortex.vsh in Resources */,
				09B19F4622C9DB1A00B5DA42 /* FlashLight.vsh in Resources */,
				09B19F3722C9A31C00B5DA42 /* Scale.vsh in Resources */,
				09702C5922C4ADAD00FAFFF2 /* Rectangle.fsh in Resources */,
				0975C12022C21ADD00B8EF74 /* SplitScreen_3.vsh in Resources */,
				09F4FE7022C5B18400602F86 /* Sexangle.fsh in Resources */,
				09702C5222C49B0D00FAFFF2 /* Gray.fsh in Resources */,
				0975C12522C21ADD00B8EF74 /* SplitScreen_3.fsh in Resources */,
				09702C6122C4BE0500FAFFF2 /* Vortex.fsh in Resources */,
				09F4FE7622C5BF1800602F86 /* Circle.vsh in Resources */,
				099FA5D222BB74590063BCCA /* Assets.xcassets in Resources */,
				0975C12222C21ADD00B8EF74 /* SplitScreen_4.fsh in Resources */,
				09702C5D22C4B0B800FAFFF2 /* Relief.fsh in Resources */,
				09702C5722C4AD9A00FAFFF2 /* Rectangle.vsh in Resources */,
			);
			runOnlyForDeploymentPostprocessing = 0;
		};
		09F0933922B2324600E6E9EF /* Resources */ = {
			isa = PBXResourcesBuildPhase;
			buildActionMask = 2147483647;
			files = (
			);
			runOnlyForDeploymentPostprocessing = 0;
		};
		09F0934422B2324600E6E9EF /* Resources */ = {
			isa = PBXResourcesBuildPhase;
			buildActionMask = 2147483647;
			files = (
			);
			runOnlyForDeploymentPostprocessing = 0;
		};
/* End PBXResourcesBuildPhase section */

/* Begin PBXSourcesBuildPhase section */
		09F0931F22B2324400E6E9EF /* Sources */ = {
			isa = PBXSourcesBuildPhase;
			buildActionMask = 2147483647;
			files = (
				09B19F3C22C9A73700B5DA42 /* ShapeFilter_VC.m in Sources */,
				09F0932B22B2324400E6E9EF /* ViewController.m in Sources */,
				09702C4922C499BB00FAFFF2 /* FilterBar.m in Sources */,
				09702C5522C49D6600FAFFF2 /* MosaicFilter_VC.m in Sources */,
				099FA5CC22BB33900063BCCA /* SJView1.m in Sources */,
				09F0933622B2324600E6E9EF /* main.m in Sources */,
				09F0932822B2324400E6E9EF /* AppDelegate.m in Sources */,
				099FA5D022BB33CF0063BCCA /* Example1_VC.m in Sources */,
				09702C4822C499BB00FAFFF2 /* FilterBarCell.m in Sources */,
				0975C10E22C1CDC800B8EF74 /* SplitScreen_VC.m in Sources */,
			);
			runOnlyForDeploymentPostprocessing = 0;
		};
		09F0933722B2324600E6E9EF /* Sources */ = {
			isa = PBXSourcesBuildPhase;
			buildActionMask = 2147483647;
			files = (
				09F0934022B2324600E6E9EF /* OpenGLES_GLSLTests.m in Sources */,
			);
			runOnlyForDeploymentPostprocessing = 0;
		};
		09F0934222B2324600E6E9EF /* Sources */ = {
			isa = PBXSourcesBuildPhase;
			buildActionMask = 2147483647;
			files = (
				09F0934B22B2324600E6E9EF /* OpenGLES_GLSLUITests.m in Sources */,
			);
			runOnlyForDeploymentPostprocessing = 0;
		};
/* End PBXSourcesBuildPhase section */

/* Begin PBXTargetDependency section */
		09F0933D22B2324600E6E9EF /* PBXTargetDependency */ = {
			isa = PBXTargetDependency;
			target = 09F0932222B2324400E6E9EF /* OpenGLES_GLSL */;
			targetProxy = 09F0933C22B2324600E6E9EF /* PBXContainerItemProxy */;
		};
		09F0934822B2324600E6E9EF /* PBXTargetDependency */ = {
			isa = PBXTargetDependency;
			target = 09F0932222B2324400E6E9EF /* OpenGLES_GLSL */;
			targetProxy = 09F0934722B2324600E6E9EF /* PBXContainerItemProxy */;
		};
/* End PBXTargetDependency section */

/* Begin PBXVariantGroup section */
		09F0932C22B2324400E6E9EF /* Main.storyboard */ = {
			isa = PBXVariantGroup;
			children = (
				09F0932D22B2324400E6E9EF /* Base */,
			);
			name = Main.storyboard;
			sourceTree = "<group>";
		};
		09F0933122B2324600E6E9EF /* LaunchScreen.storyboard */ = {
			isa = PBXVariantGroup;
			children = (
				09F0933222B2324600E6E9EF /* Base */,
			);
			name = LaunchScreen.storyboard;
			sourceTree = "<group>";
		};
/* End PBXVariantGroup section */

/* Begin XCBuildConfiguration section */
		09F0934D22B2324600E6E9EF /* Debug */ = {
			isa = XCBuildConfiguration;
			buildSettings = {
				ALWAYS_SEARCH_USER_PATHS = NO;
				CLANG_ANALYZER_NONNULL = YES;
				CLANG_ANALYZER_NUMBER_OBJECT_CONVERSION = YES_AGGRESSIVE;
				CLANG_CXX_LANGUAGE_STANDARD = "gnu++14";
				CLANG_CXX_LIBRARY = "libc++";
				CLANG_ENABLE_MODULES = YES;
				CLANG_ENABLE_OBJC_ARC = YES;
				CLANG_ENABLE_OBJC_WEAK = YES;
				CLANG_WARN_BLOCK_CAPTURE_AUTORELEASING = YES;
				CLANG_WARN_BOOL_CONVERSION = YES;
				CLANG_WARN_COMMA = YES;
				CLANG_WARN_CONSTANT_CONVERSION = YES;
				CLANG_WARN_DEPRECATED_OBJC_IMPLEMENTATIONS = YES;
				CLANG_WARN_DIRECT_OBJC_ISA_USAGE = YES_ERROR;
				CLANG_WARN_DOCUMENTATION_COMMENTS = YES;
				CLANG_WARN_EMPTY_BODY = YES;
				CLANG_WARN_ENUM_CONVERSION = YES;
				CLANG_WARN_INFINITE_RECURSION = YES;
				CLANG_WARN_INT_CONVERSION = YES;
				CLANG_WARN_NON_LITERAL_NULL_CONVERSION = YES;
				CLANG_WARN_OBJC_IMPLICIT_RETAIN_SELF = YES;
				CLANG_WARN_OBJC_LITERAL_CONVERSION = YES;
				CLANG_WARN_OBJC_ROOT_CLASS = YES_ERROR;
				CLANG_WARN_RANGE_LOOP_ANALYSIS = YES;
				CLANG_WARN_STRICT_PROTOTYPES = YES;
				CLANG_WARN_SUSPICIOUS_MOVE = YES;
				CLANG_WARN_UNGUARDED_AVAILABILITY = YES_AGGRESSIVE;
				CLANG_WARN_UNREACHABLE_CODE = YES;
				CLANG_WARN__DUPLICATE_METHOD_MATCH = YES;
				CODE_SIGN_IDENTITY = "iPhone Developer";
				COPY_PHASE_STRIP = NO;
				DEBUG_INFORMATION_FORMAT = dwarf;
				ENABLE_STRICT_OBJC_MSGSEND = YES;
				ENABLE_TESTABILITY = YES;
				GCC_C_LANGUAGE_STANDARD = gnu11;
				GCC_DYNAMIC_NO_PIC = NO;
				GCC_NO_COMMON_BLOCKS = YES;
				GCC_OPTIMIZATION_LEVEL = 0;
				GCC_PREPROCESSOR_DEFINITIONS = (
					"DEBUG=1",
					"$(inherited)",
				);
				GCC_WARN_64_TO_32_BIT_CONVERSION = YES;
				GCC_WARN_ABOUT_RETURN_TYPE = YES_ERROR;
				GCC_WARN_UNDECLARED_SELECTOR = YES;
				GCC_WARN_UNINITIALIZED_AUTOS = YES_AGGRESSIVE;
				GCC_WARN_UNUSED_FUNCTION = YES;
				GCC_WARN_UNUSED_VARIABLE = YES;
				IPHONEOS_DEPLOYMENT_TARGET = 11.4;
				MTL_ENABLE_DEBUG_INFO = INCLUDE_SOURCE;
				MTL_FAST_MATH = YES;
				ONLY_ACTIVE_ARCH = YES;
				SDKROOT = iphoneos;
			};
			name = Debug;
		};
		09F0934E22B2324600E6E9EF /* Release */ = {
			isa = XCBuildConfiguration;
			buildSettings = {
				ALWAYS_SEARCH_USER_PATHS = NO;
				CLANG_ANALYZER_NONNULL = YES;
				CLANG_ANALYZER_NUMBER_OBJECT_CONVERSION = YES_AGGRESSIVE;
				CLANG_CXX_LANGUAGE_STANDARD = "gnu++14";
				CLANG_CXX_LIBRARY = "libc++";
				CLANG_ENABLE_MODULES = YES;
				CLANG_ENABLE_OBJC_ARC = YES;
				CLANG_ENABLE_OBJC_WEAK = YES;
				CLANG_WARN_BLOCK_CAPTURE_AUTORELEASING = YES;
				CLANG_WARN_BOOL_CONVERSION = YES;
				CLANG_WARN_COMMA = YES;
				CLANG_WARN_CONSTANT_CONVERSION = YES;
				CLANG_WARN_DEPRECATED_OBJC_IMPLEMENTATIONS = YES;
				CLANG_WARN_DIRECT_OBJC_ISA_USAGE = YES_ERROR;
				CLANG_WARN_DOCUMENTATION_COMMENTS = YES;
				CLANG_WARN_EMPTY_BODY = YES;
				CLANG_WARN_ENUM_CONVERSION = YES;
				CLANG_WARN_INFINITE_RECURSION = YES;
				CLANG_WARN_INT_CONVERSION = YES;
				CLANG_WARN_NON_LITERAL_NULL_CONVERSION = YES;
				CLANG_WARN_OBJC_IMPLICIT_RETAIN_SELF = YES;
				CLANG_WARN_OBJC_LITERAL_CONVERSION = YES;
				CLANG_WARN_OBJC_ROOT_CLASS = YES_ERROR;
				CLANG_WARN_RANGE_LOOP_ANALYSIS = YES;
				CLANG_WARN_STRICT_PROTOTYPES = YES;
				CLANG_WARN_SUSPICIOUS_MOVE = YES;
				CLANG_WARN_UNGUARDED_AVAILABILITY = YES_AGGRESSIVE;
				CLANG_WARN_UNREACHABLE_CODE = YES;
				CLANG_WARN__DUPLICATE_METHOD_MATCH = YES;
				CODE_SIGN_IDENTITY = "iPhone Developer";
				COPY_PHASE_STRIP = NO;
				DEBUG_INFORMATION_FORMAT = "dwarf-with-dsym";
				ENABLE_NS_ASSERTIONS = NO;
				ENABLE_STRICT_OBJC_MSGSEND = YES;
				GCC_C_LANGUAGE_STANDARD = gnu11;
				GCC_NO_COMMON_BLOCKS = YES;
				GCC_WARN_64_TO_32_BIT_CONVERSION = YES;
				GCC_WARN_ABOUT_RETURN_TYPE = YES_ERROR;
				GCC_WARN_UNDECLARED_SELECTOR = YES;
				GCC_WARN_UNINITIALIZED_AUTOS = YES_AGGRESSIVE;
				GCC_WARN_UNUSED_FUNCTION = YES;
				GCC_WARN_UNUSED_VARIABLE = YES;
				IPHONEOS_DEPLOYMENT_TARGET = 11.4;
				MTL_ENABLE_DEBUG_INFO = NO;
				MTL_FAST_MATH = YES;
				SDKROOT = iphoneos;
				VALIDATE_PRODUCT = YES;
			};
			name = Release;
		};
		09F0935022B2324600E6E9EF /* Debug */ = {
			isa = XCBuildConfiguration;
			buildSettings = {
				ASSETCATALOG_COMPILER_APPICON_NAME = AppIcon;
				CODE_SIGN_STYLE = Automatic;
				DEVELOPMENT_TEAM = 35V98WX3X4;
				INFOPLIST_FILE = OpenGLES_GLSL/Info.plist;
				LD_RUNPATH_SEARCH_PATHS = (
					"$(inherited)",
					"@executable_path/Frameworks",
				);
				PRODUCT_BUNDLE_IDENTIFIER = "com.xiangshang360.OpenGLES-GLSL";
				PRODUCT_NAME = "$(TARGET_NAME)";
				TARGETED_DEVICE_FAMILY = "1,2";
			};
			name = Debug;
		};
		09F0935122B2324600E6E9EF /* Release */ = {
			isa = XCBuildConfiguration;
			buildSettings = {
				ASSETCATALOG_COMPILER_APPICON_NAME = AppIcon;
				CODE_SIGN_STYLE = Automatic;
				DEVELOPMENT_TEAM = 35V98WX3X4;
				INFOPLIST_FILE = OpenGLES_GLSL/Info.plist;
				LD_RUNPATH_SEARCH_PATHS = (
					"$(inherited)",
					"@executable_path/Frameworks",
				);
				PRODUCT_BUNDLE_IDENTIFIER = "com.xiangshang360.OpenGLES-GLSL";
				PRODUCT_NAME = "$(TARGET_NAME)";
				TARGETED_DEVICE_FAMILY = "1,2";
			};
			name = Release;
		};
		09F0935322B2324600E6E9EF /* Debug */ = {
			isa = XCBuildConfiguration;
			buildSettings = {
				BUNDLE_LOADER = "$(TEST_HOST)";
				CODE_SIGN_STYLE = Automatic;
				DEVELOPMENT_TEAM = 35V98WX3X4;
				INFOPLIST_FILE = OpenGLES_GLSLTests/Info.plist;
				LD_RUNPATH_SEARCH_PATHS = (
					"$(inherited)",
					"@executable_path/Frameworks",
					"@loader_path/Frameworks",
				);
				PRODUCT_BUNDLE_IDENTIFIER = "com.xiangshang360.OpenGLES-GLSLTests";
				PRODUCT_NAME = "$(TARGET_NAME)";
				TARGETED_DEVICE_FAMILY = "1,2";
				TEST_HOST = "$(BUILT_PRODUCTS_DIR)/OpenGLES_GLSL.app/OpenGLES_GLSL";
			};
			name = Debug;
		};
		09F0935422B2324600E6E9EF /* Release */ = {
			isa = XCBuildConfiguration;
			buildSettings = {
				BUNDLE_LOADER = "$(TEST_HOST)";
				CODE_SIGN_STYLE = Automatic;
				DEVELOPMENT_TEAM = 35V98WX3X4;
				INFOPLIST_FILE = OpenGLES_GLSLTests/Info.plist;
				LD_RUNPATH_SEARCH_PATHS = (
					"$(inherited)",
					"@executable_path/Frameworks",
					"@loader_path/Frameworks",
				);
				PRODUCT_BUNDLE_IDENTIFIER = "com.xiangshang360.OpenGLES-GLSLTests";
				PRODUCT_NAME = "$(TARGET_NAME)";
				TARGETED_DEVICE_FAMILY = "1,2";
				TEST_HOST = "$(BUILT_PRODUCTS_DIR)/OpenGLES_GLSL.app/OpenGLES_GLSL";
			};
			name = Release;
		};
		09F0935622B2324600E6E9EF /* Debug */ = {
			isa = XCBuildConfiguration;
			buildSettings = {
				CODE_SIGN_STYLE = Automatic;
				DEVELOPMENT_TEAM = 35V98WX3X4;
				INFOPLIST_FILE = OpenGLES_GLSLUITests/Info.plist;
				LD_RUNPATH_SEARCH_PATHS = (
					"$(inherited)",
					"@executable_path/Frameworks",
					"@loader_path/Frameworks",
				);
				PRODUCT_BUNDLE_IDENTIFIER = "com.xiangshang360.OpenGLES-GLSLUITests";
				PRODUCT_NAME = "$(TARGET_NAME)";
				TARGETED_DEVICE_FAMILY = "1,2";
				TEST_TARGET_NAME = OpenGLES_GLSL;
			};
			name = Debug;
		};
		09F0935722B2324600E6E9EF /* Release */ = {
			isa = XCBuildConfiguration;
			buildSettings = {
				CODE_SIGN_STYLE = Automatic;
				DEVELOPMENT_TEAM = 35V98WX3X4;
				INFOPLIST_FILE = OpenGLES_GLSLUITests/Info.plist;
				LD_RUNPATH_SEARCH_PATHS = (
					"$(inherited)",
					"@executable_path/Frameworks",
					"@loader_path/Frameworks",
				);
				PRODUCT_BUNDLE_IDENTIFIER = "com.xiangshang360.OpenGLES-GLSLUITests";
				PRODUCT_NAME = "$(TARGET_NAME)";
				TARGETED_DEVICE_FAMILY = "1,2";
				TEST_TARGET_NAME = OpenGLES_GLSL;
			};
			name = Release;
		};
/* End XCBuildConfiguration section */

/* Begin XCConfigurationList section */
		09F0931E22B2324400E6E9EF /* Build configuration list for PBXProject "OpenGLES_GLSL" */ = {
			isa = XCConfigurationList;
			buildConfigurations = (
				09F0934D22B2324600E6E9EF /* Debug */,
				09F0934E22B2324600E6E9EF /* Release */,
			);
			defaultConfigurationIsVisible = 0;
			defaultConfigurationName = Release;
		};
		09F0934F22B2324600E6E9EF /* Build configuration list for PBXNativeTarget "OpenGLES_GLSL" */ = {
			isa = XCConfigurationList;
			buildConfigurations = (
				09F0935022B2324600E6E9EF /* Debug */,
				09F0935122B2324600E6E9EF /* Release */,
			);
			defaultConfigurationIsVisible = 0;
			defaultConfigurationName = Release;
		};
		09F0935222B2324600E6E9EF /* Build configuration list for PBXNativeTarget "OpenGLES_GLSLTests" */ = {
			isa = XCConfigurationList;
			buildConfigurations = (
				09F0935322B2324600E6E9EF /* Debug */,
				09F0935422B2324600E6E9EF /* Release */,
			);
			defaultConfigurationIsVisible = 0;
			defaultConfigurationName = Release;
		};
		09F0935522B2324600E6E9EF /* Build configuration list for PBXNativeTarget "OpenGLES_GLSLUITests" */ = {
			isa = XCConfigurationList;
			buildConfigurations = (
				09F0935622B2324600E6E9EF /* Debug */,
				09F0935722B2324600E6E9EF /* Release */,
			);
			defaultConfigurationIsVisible = 0;
			defaultConfigurationName = Release;
		};
/* End XCConfigurationList section */
	};
	rootObject = 09F0931B22B2324400E6E9EF /* Project object */;
}
